
Microsoft Visual Studio Solution File, Format Version 12.00
# Visual Studio Version 16
VisualStudioVersion = 16.0.30114.105
MinimumVisualStudioVersion = 10.0.40219.1
Project("{FAE04EC0-301F-11D3-BF4B-00C04F79EFBC}") = "WPFPresentation", "WPFPresentation\WPFPresentation.csproj", "{E6F741EC-3488-48D6-B56B-E4E521E21DE6}"
EndProject
Project("{FAE04EC0-301F-11D3-BF4B-00C04F79EFBC}") = "LogicLayer", "LogicLayer\LogicLayer.csproj", "{65263851-45FB-4EB0-82AE-EA8D42D87FC5}"
EndProject
Project("{FAE04EC0-301F-11D3-BF4B-00C04F79EFBC}") = "DataAccessLayer", "DataAccessLayer\DataAccessLayer.csproj", "{6D23161F-BBEA-4B23-84F2-6072F619082C}"
EndProject
Project("{FAE04EC0-301F-11D3-BF4B-00C04F79EFBC}") = "DataObjects", "DataObjects\DataObjects.csproj", "{B6F29FED-5CE3-4342-943F-032421C38FA4}"
EndProject
Project("{FAE04EC0-301F-11D3-BF4B-00C04F79EFBC}") = "LogicLayerTests", "LogicLayerTests\LogicLayerTests.csproj", "{E8CC417E-6819-4BF3-950D-9D2D8E29BEC8}"
EndProject
Project("{FAE04EC0-301F-11D3-BF4B-00C04F79EFBC}") = "DataAccessFakes", "DataAccessFakes\DataAccessFakes.csproj", "{1A057F98-1AAF-4A39-82B3-BA1C36CFFDAF}"
EndProject
Project("{FAE04EC0-301F-11D3-BF4B-00C04F79EFBC}") = "DataAccessInterfaces", "DataAccessInterfaces\DataAccessInterfaces.csproj", "{C1EC5E7D-A97B-464E-B261-3FBC396FE912}"
EndProject
Project("{FAE04EC0-301F-11D3-BF4B-00C04F79EFBC}") = "LogicLayerInterfaces", "LogicLayerInterfaces\LogicLayerInterfaces.csproj", "{693568DD-60BF-4D9E-A819-E5077E5539F8}"
EndProject
Project("{FAE04EC0-301F-11D3-BF4B-00C04F79EFBC}") = "MVCPresentation", "MVCPresentation\MVCPresentation.csproj", "{3E266FD5-BF84-4381-8D29-CBFEC555CE6F}"
EndProject
Global
	GlobalSection(SolutionConfigurationPlatforms) = preSolution
		Debug|Any CPU = Debug|Any CPU
		Release|Any CPU = Release|Any CPU
	EndGlobalSection
	GlobalSection(ProjectConfigurationPlatforms) = postSolution
		{E6F741EC-3488-48D6-B56B-E4E521E21DE6}.Debug|Any CPU.ActiveCfg = Debug|Any CPU
		{E6F741EC-3488-48D6-B56B-E4E521E21DE6}.Debug|Any CPU.Build.0 = Debug|Any CPU
		{E6F741EC-3488-48D6-B56B-E4E521E21DE6}.Release|Any CPU.ActiveCfg = Release|Any CPU
		{E6F741EC-3488-48D6-B56B-E4E521E21DE6}.Release|Any CPU.Build.0 = Release|Any CPU
		{65263851-45FB-4EB0-82AE-EA8D42D87FC5}.Debug|Any CPU.ActiveCfg = Debug|Any CPU
		{65263851-45FB-4EB0-82AE-EA8D42D87FC5}.Debug|Any CPU.Build.0 = Debug|Any CPU
		{65263851-45FB-4EB0-82AE-EA8D42D87FC5}.Release|Any CPU.ActiveCfg = Release|Any CPU
		{65263851-45FB-4EB0-82AE-EA8D42D87FC5}.Release|Any CPU.Build.0 = Release|Any CPU
		{6D23161F-BBEA-4B23-84F2-6072F619082C}.Debug|Any CPU.ActiveCfg = Debug|Any CPU
		{6D23161F-BBEA-4B23-84F2-6072F619082C}.Debug|Any CPU.Build.0 = Debug|Any CPU
		{6D23161F-BBEA-4B23-84F2-6072F619082C}.Release|Any CPU.ActiveCfg = Release|Any CPU
		{6D23161F-BBEA-4B23-84F2-6072F619082C}.Release|Any CPU.Build.0 = Release|Any CPU
		{B6F29FED-5CE3-4342-943F-032421C38FA4}.Debug|Any CPU.ActiveCfg = Debug|Any CPU
		{B6F29FED-5CE3-4342-943F-032421C38FA4}.Debug|Any CPU.Build.0 = Debug|Any CPU
		{B6F29FED-5CE3-4342-943F-032421C38FA4}.Release|Any CPU.ActiveCfg = Release|Any CPU
		{B6F29FED-5CE3-4342-943F-032421C38FA4}.Release|Any CPU.Build.0 = Release|Any CPU
		{E8CC417E-6819-4BF3-950D-9D2D8E29BEC8}.Debug|Any CPU.ActiveCfg = Debug|Any CPU
		{E8CC417E-6819-4BF3-950D-9D2D8E29BEC8}.Debug|Any CPU.Build.0 = Debug|Any CPU
		{E8CC417E-6819-4BF3-950D-9D2D8E29BEC8}.Release|Any CPU.ActiveCfg = Release|Any CPU
		{E8CC417E-6819-4BF3-950D-9D2D8E29BEC8}.Release|Any CPU.Build.0 = Release|Any CPU
		{1A057F98-1AAF-4A39-82B3-BA1C36CFFDAF}.Debug|Any CPU.ActiveCfg = Debug|Any CPU
		{1A057F98-1AAF-4A39-82B3-BA1C36CFFDAF}.Debug|Any CPU.Build.0 = Debug|Any CPU
		{1A057F98-1AAF-4A39-82B3-BA1C36CFFDAF}.Release|Any CPU.ActiveCfg = Release|Any CPU
		{1A057F98-1AAF-4A39-82B3-BA1C36CFFDAF}.Release|Any CPU.Build.0 = Release|Any CPU
		{C1EC5E7D-A97B-464E-B261-3FBC396FE912}.Debug|Any CPU.ActiveCfg = Debug|Any CPU
		{C1EC5E7D-A97B-464E-B261-3FBC396FE912}.Debug|Any CPU.Build.0 = Debug|Any CPU
		{C1EC5E7D-A97B-464E-B261-3FBC396FE912}.Release|Any CPU.ActiveCfg = Release|Any CPU
		{C1EC5E7D-A97B-464E-B261-3FBC396FE912}.Release|Any CPU.Build.0 = Release|Any CPU
		{693568DD-60BF-4D9E-A819-E5077E5539F8}.Debug|Any CPU.ActiveCfg = Debug|Any CPU
		{693568DD-60BF-4D9E-A819-E5077E5539F8}.Debug|Any CPU.Build.0 = Debug|Any CPU
		{693568DD-60BF-4D9E-A819-E5077E5539F8}.Release|Any CPU.ActiveCfg = Release|Any CPU
		{693568DD-60BF-4D9E-A819-E5077E5539F8}.Release|Any CPU.Build.0 = Release|Any CPU
		{3E266FD5-BF84-4381-8D29-CBFEC555CE6F}.Debug|Any CPU.ActiveCfg = Debug|Any CPU
		{3E266FD5-BF84-4381-8D29-CBFEC555CE6F}.Debug|Any CPU.Build.0 = Debug|Any CPU
		{3E266FD5-BF84-4381-8D29-CBFEC555CE6F}.Release|Any CPU.ActiveCfg = Release|Any CPU
		{3E266FD5-BF84-4381-8D29-CBFEC555CE6F}.Release|Any CPU.Build.0 = Release|Any CPU
	EndGlobalSection
	GlobalSection(SolutionProperties) = preSolution
		HideSolutionNode = FALSE
	EndGlobalSection
	GlobalSection(ExtensibilityGlobals) = postSolution
		SolutionGuid = {EE8B9E5B-9C32-4855-9441-9832FAEEC113}
	EndGlobalSection
EndGlobal
